
Microsoft Visual Studio Solution File, Format Version 12.00
# Visual Studio Version 16
VisualStudioVersion = 16.0.29806.167
MinimumVisualStudioVersion = 10.0.40219.1
Project("{FAE04EC0-301F-11D3-BF4B-00C04F79EFBC}") = "SpecificationsReport", "SpecificationsReport\SpecificationsReport.csproj", "{2FEE1E96-DE73-4138-BF81-6667DADC563A}"
EndProject
Project("{FAE04EC0-301F-11D3-BF4B-00C04F79EFBC}") = "BuyProductsReport", "BuyProductsReport\BuyProductsReport.csproj", "{3822888C-70F0-4F5A-BE6A-F188C2653429}"
EndProject
Project("{FAE04EC0-301F-11D3-BF4B-00C04F79EFBC}") = "SpecificationESPD", "SpecificationESPD\SpecificationESPD.csproj", "{4C7D212A-2786-43E4-9280-48D6DC265993}"
EndProject
Project("{FAE04EC0-301F-11D3-BF4B-00C04F79EFBC}") = "SpecificationESKD", "SpecificationESKD\SpecificationESKD.csproj", "{2A6D0EDD-9967-4851-A31D-E2351608B42C}"
EndProject
Project("{FAE04EC0-301F-11D3-BF4B-00C04F79EFBC}") = "SummaryReport", "SummaryReport\SummaryReport.csproj", "{FF48F568-4CC0-4AB3-8810-25F754E6505A}"
EndProject
Project("{FAE04EC0-301F-11D3-BF4B-00C04F79EFBC}") = "SelectionByTypeReport", "SelectionByTypeReport\SelectionByTypeReport.csproj", "{FA4CCAF0-72C2-455F-8A75-8E40A5A918DC}"
EndProject
Project("{FAE04EC0-301F-11D3-BF4B-00C04F79EFBC}") = "EntranceReport", "EntranceReport\EntranceReport.csproj", "{A9CD5D94-C3CA-4640-88F4-65DA0C61FE70}"
EndProject
Project("{FAE04EC0-301F-11D3-BF4B-00C04F79EFBC}") = "DraughtSpecificationESKD", "DraughtSpecificationESKD\DraughtSpecificationESKD.csproj", "{198FF9A7-60DF-40DA-8219-F8D1E04BE13D}"
EndProject
Project("{FAE04EC0-301F-11D3-BF4B-00C04F79EFBC}") = "RequirementWaybill", "RequirementWaybill\RequirementWaybill.csproj", "{33A34CF4-79B0-4568-86EB-69DCD2A1C05D}"
EndProject
Project("{FAE04EC0-301F-11D3-BF4B-00C04F79EFBC}") = "DraughtSpecificationESPD", "DraughtSpecificationESPD\DraughtSpecificationESPD.csproj", "{87BB3FEC-CD52-4BFF-A538-C64D8D704125}"
EndProject
Project("{FAE04EC0-301F-11D3-BF4B-00C04F79EFBC}") = "PurchaseDesignProductReport", "PurchaseDesignProductReport\PurchaseDesignProductReport.csproj", "{16D78653-F9CD-4055-B5DD-4DF1AFAD8A0E}"
EndProject
Project("{FAE04EC0-301F-11D3-BF4B-00C04F79EFBC}") = "PurchaseDesignProductReportNoRecursive", "PurchaseDesignProductReportNoRecursive\PurchaseDesignProductReportNoRecursive.csproj", "{9CFC9AD2-9DA6-45F4-A588-B410E94522CF}"
EndProject
Project("{FAE04EC0-301F-11D3-BF4B-00C04F79EFBC}") = "ObjectUsageReport", "ObjectUsageReport\ObjectUsageReport.csproj", "{BF9F6780-376D-4379-A545-00FFBFC65DC1}"
EndProject
Project("{FAE04EC0-301F-11D3-BF4B-00C04F79EFBC}") = "PaymentsReport", "PaymentsReport\PaymentsReport.csproj", "{07AA4DCB-4C90-4824-9EBB-F91CCE9B605A}"
EndProject
Project("{FAE04EC0-301F-11D3-BF4B-00C04F79EFBC}") = "ActualComplexesReport", "ActualComplexesReport\ActualComplexesReport.csproj", "{9F8E8578-E439-48EB-B981-F939CCB8F07B}"
EndProject
Project("{FAE04EC0-301F-11D3-BF4B-00C04F79EFBC}") = "PlannedEconomicReport", "PlannedEconomicReport\PlannedEconomicReport.csproj", "{0A8D5F65-5BDF-4704-A626-997E648A5299}"
EndProject
Project("{FAE04EC0-301F-11D3-BF4B-00C04F79EFBC}") = "ItemsUsageInOrdersReport", "ItemsUsageInOrdersReport\ItemsUsageInOrdersReport.csproj", "{69D2DE0D-EF0C-4083-AE88-556DBB5AD9CD}"
EndProject
Project("{FAE04EC0-301F-11D3-BF4B-00C04F79EFBC}") = "DocumentSendingSummaryReport", "DocumentSendingSummaryReport\DocumentSendingSummaryReport.csproj", "{4BA86064-924C-4B89-A62D-AC7BF6196F49}"
EndProject
Project("{FAE04EC0-301F-11D3-BF4B-00C04F79EFBC}") = "DocumentsListReport", "DocumentsListReport\DocumentsListReport.csproj", "{C593A3A9-DBB4-44ED-86FE-D2F59F9C96DD}"
EndProject
Project("{FAE04EC0-301F-11D3-BF4B-00C04F79EFBC}") = "PlanReportsExcelGenerator", "PlanReportsExcelGenerator\PlanReportsExcelGenerator\PlanReportsExcelGenerator.csproj", "{C77AA23A-9D83-45D3-8318-64BC2D19AD72}"
EndProject
Project("{FAE04EC0-301F-11D3-BF4B-00C04F79EFBC}") = "NomenclatureReport", "NomenclatureReport\NomenclatureReport.csproj", "{0AFDEE66-7BF9-4C35-B797-63523B3AA50A}"
EndProject
Project("{FAE04EC0-301F-11D3-BF4B-00C04F79EFBC}") = "TechnologicalDocumentationReport", "TechnicalDocumentationReport\TechnologicalDocumentationReport.csproj", "{5E36805D-725F-4B6E-824B-5E3BB70B8884}"
EndProject
Project("{FAE04EC0-301F-11D3-BF4B-00C04F79EFBC}") = "OrderStructureReport", "OrderStructureReport\OrderStructureReport.csproj", "{F4785757-9CBB-477F-B804-3FDB07BCA556}"
EndProject
Project("{FAE04EC0-301F-11D3-BF4B-00C04F79EFBC}") = "TreeNomenclatureReport", "TreeNomenclatureReport\TreeNomenclatureReport.csproj", "{F03B668A-6266-4F23-98E0-4882B6CC7003}"
EndProject
Project("{FAE04EC0-301F-11D3-BF4B-00C04F79EFBC}") = "WorkingClothesReport", "WorkingClothesReport\WorkingClothesReport.csproj", "{18083921-286C-4BB7-B1BA-DF543E096599}"
EndProject
Project("{FAE04EC0-301F-11D3-BF4B-00C04F79EFBC}") = "TableCheckInstallationReport", "TableCheckInstallationReport\TableCheckInstallationReport.csproj", "{6D822190-5261-48E4-9C33-2025F9A9E986}"
EndProject
Project("{FAE04EC0-301F-11D3-BF4B-00C04F79EFBC}") = "CooperationReport", "CooperationReport\CooperationReport.csproj", "{36FF804B-881D-44E7-82AD-1F1BE038A506}"
EndProject
Project("{FAE04EC0-301F-11D3-BF4B-00C04F79EFBC}") = "ContractsReport", "..\..\TFlex Docs\Проекты\ContractsReport\ContractsReport\ContractsReport.csproj", "{44F95A82-B782-41F1-BD80-24837A6E0433}"
EndProject
Project("{FAE04EC0-301F-11D3-BF4B-00C04F79EFBC}") = "CompletionDatesContractsReport", "CompletionDatesContractsReport\CompletionDatesContractsReport.csproj", "{BED0D2A2-24B2-45CB-9CB4-CDBE631638ED}"
EndProject
Project("{FAE04EC0-301F-11D3-BF4B-00C04F79EFBC}") = "ListElementsReport", "ListElementsReport\ListElementsReport.csproj", "{90115492-F1B3-4576-9D33-BC226E1DAFAD}"
EndProject
Project("{FAE04EC0-301F-11D3-BF4B-00C04F79EFBC}") = "ChargesReport", "ChargesReport\ChargesReport.csproj", "{B5701CA0-5AAD-4ECE-AFD0-025306AC58EA}"
EndProject
Project("{FAE04EC0-301F-11D3-BF4B-00C04F79EFBC}") = "PerformanceStandardsReport", "PerformanceStandardsReport\PerformanceStandardsReport.csproj", "{52401D44-C6A6-458D-8593-786AE1D79448}"
EndProject
Project("{FAE04EC0-301F-11D3-BF4B-00C04F79EFBC}") = "RunningContractsReport", "RunningContractsReport\RunningContractsReport.csproj", "{A7D8DDF0-A47D-4BCB-B452-0AF4AAF19E5B}"
EndProject
Project("{FAE04EC0-301F-11D3-BF4B-00C04F79EFBC}") = "SmallBuyAndSameNameProductReport", "SmallBuyAndSameNameProductReport\SmallBuyAndSameNameProductReport.csproj", "{23AC4784-DD7C-4BEB-99D5-1088DEB10988}"
EndProject
Project("{FAE04EC0-301F-11D3-BF4B-00C04F79EFBC}") = "CalculationOtherProducts", "CalculationOtherProducts\CalculationOtherProducts.csproj", "{D9E3FEEE-434F-451E-9D8E-76A30FC15D2E}"
EndProject
Project("{FAE04EC0-301F-11D3-BF4B-00C04F79EFBC}") = "TermsPeriodicTestsReport", "TermsPeriodicTestsReport\TermsPeriodicTestsReport.csproj", "{A2A4CB59-E768-4DF1-8F9D-0C34A80306BB}"
EndProject
Project("{FAE04EC0-301F-11D3-BF4B-00C04F79EFBC}") = "ObjectUsageCodeDevicesReport", "ObjectUsageCodeDevicesReport\ObjectUsageCodeDevicesReport.csproj", "{F980F44B-8D67-4E1C-9C8C-888547D19EFA}"
EndProject
Project("{FAE04EC0-301F-11D3-BF4B-00C04F79EFBC}") = "OfficeEquipmentReport", "OfficeEquipmentReport\OfficeEquipmentReport.csproj", "{0CC2F32A-2CEB-435F-A86B-FF1334E8C9DD}"
EndProject
Project("{FAE04EC0-301F-11D3-BF4B-00C04F79EFBC}") = "GroupingOIReport", "GroupingOIReport\GroupingOIReport.csproj", "{A7218F85-9EED-4B1E-9F65-2F6FC0829AB4}"
EndProject
Project("{FAE04EC0-301F-11D3-BF4B-00C04F79EFBC}") = "EntrancesObjectsNotInNomReferences", "EntrancesObjectsNotInNomReferences\EntrancesObjectsNotInNomReferences.csproj", "{68C1F65D-6EBE-4547-A759-58C929FD2330}"
EndProject
Project("{FAE04EC0-301F-11D3-BF4B-00C04F79EFBC}") = "ObjectsOIWithCoastStore", "ObjectsOIWithCoastStore\ObjectsOIWithCoastStore.csproj", "{BE94FA43-F110-45A4-BC25-D643CD128F5F}"
EndProject
Project("{FAE04EC0-301F-11D3-BF4B-00C04F79EFBC}") = "TransitTimeProcess", "TransitTimeProcess\TransitTimeProcess.csproj", "{F199A7F9-9A14-45F8-B060-04AC766C9877}"
EndProject
Project("{FAE04EC0-301F-11D3-BF4B-00C04F79EFBC}") = "PeriodicTestsChartReport", "PeriodicTestsChart\PeriodicTestsChartReport.csproj", "{F1E69FF8-5305-43B5-960E-1267B438B3E5}"
EndProject
Project("{FAE04EC0-301F-11D3-BF4B-00C04F79EFBC}") = "PreciosMetalsReport", "PreciosMetalsReport\PreciosMetalsReport.csproj", "{592050AE-A449-4904-82A4-6CBC6DE8C6B5}"
EndProject
Project("{FAE04EC0-301F-11D3-BF4B-00C04F79EFBC}") = "ExecutorProcessReport", "ExecutorProcessReport\ExecutorProcessReport.csproj", "{1219086A-0C16-4E64-96FD-C8C8F08C4832}"
EndProject
Project("{FAE04EC0-301F-11D3-BF4B-00C04F79EFBC}") = "ApprovalSheetReport", "ApprovalSheetReport\ApprovalSheetReport.csproj", "{D4C6D716-6FB9-4214-AA45-07FFF346406B}"
EndProject
Project("{FAE04EC0-301F-11D3-BF4B-00C04F79EFBC}") = "AccountingREPReport", "AccountingREP\AccountingREPReport.csproj", "{30057265-1AC9-4752-B5F9-1527075B7F84}"
EndProject
Global
	GlobalSection(SubversionScc) = preSolution
		Svn-Managed = True
		Manager = AnkhSVN - Subversion Support for Visual Studio
	EndGlobalSection
	GlobalSection(SolutionConfigurationPlatforms) = preSolution
		Debug|Any CPU = Debug|Any CPU
		Debug|Mixed Platforms = Debug|Mixed Platforms
		Debug|x86 = Debug|x86
		Release|Any CPU = Release|Any CPU
		Release|Mixed Platforms = Release|Mixed Platforms
		Release|x86 = Release|x86
	EndGlobalSection
	GlobalSection(ProjectConfigurationPlatforms) = postSolution
		{2FEE1E96-DE73-4138-BF81-6667DADC563A}.Debug|Any CPU.ActiveCfg = Debug|Any CPU
		{2FEE1E96-DE73-4138-BF81-6667DADC563A}.Debug|Any CPU.Build.0 = Debug|Any CPU
		{2FEE1E96-DE73-4138-BF81-6667DADC563A}.Debug|Mixed Platforms.ActiveCfg = Debug|Any CPU
		{2FEE1E96-DE73-4138-BF81-6667DADC563A}.Debug|Mixed Platforms.Build.0 = Debug|Any CPU
		{2FEE1E96-DE73-4138-BF81-6667DADC563A}.Debug|x86.ActiveCfg = Debug|Any CPU
		{2FEE1E96-DE73-4138-BF81-6667DADC563A}.Release|Any CPU.ActiveCfg = Release|Any CPU
		{2FEE1E96-DE73-4138-BF81-6667DADC563A}.Release|Any CPU.Build.0 = Release|Any CPU
		{2FEE1E96-DE73-4138-BF81-6667DADC563A}.Release|Mixed Platforms.ActiveCfg = Release|Any CPU
		{2FEE1E96-DE73-4138-BF81-6667DADC563A}.Release|Mixed Platforms.Build.0 = Release|Any CPU
		{2FEE1E96-DE73-4138-BF81-6667DADC563A}.Release|x86.ActiveCfg = Release|Any CPU
		{3822888C-70F0-4F5A-BE6A-F188C2653429}.Debug|Any CPU.ActiveCfg = Debug|Any CPU
		{3822888C-70F0-4F5A-BE6A-F188C2653429}.Debug|Any CPU.Build.0 = Debug|Any CPU
		{3822888C-70F0-4F5A-BE6A-F188C2653429}.Debug|Mixed Platforms.ActiveCfg = Debug|Any CPU
		{3822888C-70F0-4F5A-BE6A-F188C2653429}.Debug|Mixed Platforms.Build.0 = Debug|Any CPU
		{3822888C-70F0-4F5A-BE6A-F188C2653429}.Debug|x86.ActiveCfg = Debug|Any CPU
		{3822888C-70F0-4F5A-BE6A-F188C2653429}.Release|Any CPU.ActiveCfg = Release|Any CPU
		{3822888C-70F0-4F5A-BE6A-F188C2653429}.Release|Any CPU.Build.0 = Release|Any CPU
		{3822888C-70F0-4F5A-BE6A-F188C2653429}.Release|Mixed Platforms.ActiveCfg = Release|Any CPU
		{3822888C-70F0-4F5A-BE6A-F188C2653429}.Release|Mixed Platforms.Build.0 = Release|Any CPU
		{3822888C-70F0-4F5A-BE6A-F188C2653429}.Release|x86.ActiveCfg = Release|Any CPU
		{4C7D212A-2786-43E4-9280-48D6DC265993}.Debug|Any CPU.ActiveCfg = Debug|Any CPU
		{4C7D212A-2786-43E4-9280-48D6DC265993}.Debug|Any CPU.Build.0 = Debug|Any CPU
		{4C7D212A-2786-43E4-9280-48D6DC265993}.Debug|Mixed Platforms.ActiveCfg = Debug|Any CPU
		{4C7D212A-2786-43E4-9280-48D6DC265993}.Debug|Mixed Platforms.Build.0 = Debug|Any CPU
		{4C7D212A-2786-43E4-9280-48D6DC265993}.Debug|x86.ActiveCfg = Debug|Any CPU
		{4C7D212A-2786-43E4-9280-48D6DC265993}.Release|Any CPU.ActiveCfg = Release|Any CPU
		{4C7D212A-2786-43E4-9280-48D6DC265993}.Release|Any CPU.Build.0 = Release|Any CPU
		{4C7D212A-2786-43E4-9280-48D6DC265993}.Release|Mixed Platforms.ActiveCfg = Release|Any CPU
		{4C7D212A-2786-43E4-9280-48D6DC265993}.Release|Mixed Platforms.Build.0 = Release|Any CPU
		{4C7D212A-2786-43E4-9280-48D6DC265993}.Release|x86.ActiveCfg = Release|Any CPU
		{2A6D0EDD-9967-4851-A31D-E2351608B42C}.Debug|Any CPU.ActiveCfg = Debug|Any CPU
		{2A6D0EDD-9967-4851-A31D-E2351608B42C}.Debug|Any CPU.Build.0 = Debug|Any CPU
		{2A6D0EDD-9967-4851-A31D-E2351608B42C}.Debug|Mixed Platforms.ActiveCfg = Debug|Any CPU
		{2A6D0EDD-9967-4851-A31D-E2351608B42C}.Debug|Mixed Platforms.Build.0 = Debug|Any CPU
		{2A6D0EDD-9967-4851-A31D-E2351608B42C}.Debug|x86.ActiveCfg = Debug|Any CPU
		{2A6D0EDD-9967-4851-A31D-E2351608B42C}.Release|Any CPU.ActiveCfg = Release|Any CPU
		{2A6D0EDD-9967-4851-A31D-E2351608B42C}.Release|Any CPU.Build.0 = Release|Any CPU
		{2A6D0EDD-9967-4851-A31D-E2351608B42C}.Release|Mixed Platforms.ActiveCfg = Release|Any CPU
		{2A6D0EDD-9967-4851-A31D-E2351608B42C}.Release|Mixed Platforms.Build.0 = Release|Any CPU
		{2A6D0EDD-9967-4851-A31D-E2351608B42C}.Release|x86.ActiveCfg = Release|Any CPU
		{FF48F568-4CC0-4AB3-8810-25F754E6505A}.Debug|Any CPU.ActiveCfg = Debug|Any CPU
		{FF48F568-4CC0-4AB3-8810-25F754E6505A}.Debug|Any CPU.Build.0 = Debug|Any CPU
		{FF48F568-4CC0-4AB3-8810-25F754E6505A}.Debug|Mixed Platforms.ActiveCfg = Debug|Any CPU
		{FF48F568-4CC0-4AB3-8810-25F754E6505A}.Debug|Mixed Platforms.Build.0 = Debug|Any CPU
		{FF48F568-4CC0-4AB3-8810-25F754E6505A}.Debug|x86.ActiveCfg = Debug|Any CPU
		{FF48F568-4CC0-4AB3-8810-25F754E6505A}.Release|Any CPU.ActiveCfg = Release|Any CPU
		{FF48F568-4CC0-4AB3-8810-25F754E6505A}.Release|Any CPU.Build.0 = Release|Any CPU
		{FF48F568-4CC0-4AB3-8810-25F754E6505A}.Release|Mixed Platforms.ActiveCfg = Release|Any CPU
		{FF48F568-4CC0-4AB3-8810-25F754E6505A}.Release|Mixed Platforms.Build.0 = Release|Any CPU
		{FF48F568-4CC0-4AB3-8810-25F754E6505A}.Release|x86.ActiveCfg = Release|Any CPU
		{FA4CCAF0-72C2-455F-8A75-8E40A5A918DC}.Debug|Any CPU.ActiveCfg = Debug|Any CPU
		{FA4CCAF0-72C2-455F-8A75-8E40A5A918DC}.Debug|Any CPU.Build.0 = Debug|Any CPU
		{FA4CCAF0-72C2-455F-8A75-8E40A5A918DC}.Debug|Mixed Platforms.ActiveCfg = Debug|Any CPU
		{FA4CCAF0-72C2-455F-8A75-8E40A5A918DC}.Debug|Mixed Platforms.Build.0 = Debug|Any CPU
		{FA4CCAF0-72C2-455F-8A75-8E40A5A918DC}.Debug|x86.ActiveCfg = Debug|Any CPU
		{FA4CCAF0-72C2-455F-8A75-8E40A5A918DC}.Release|Any CPU.ActiveCfg = Release|Any CPU
		{FA4CCAF0-72C2-455F-8A75-8E40A5A918DC}.Release|Any CPU.Build.0 = Release|Any CPU
		{FA4CCAF0-72C2-455F-8A75-8E40A5A918DC}.Release|Mixed Platforms.ActiveCfg = Release|Any CPU
		{FA4CCAF0-72C2-455F-8A75-8E40A5A918DC}.Release|Mixed Platforms.Build.0 = Release|Any CPU
		{FA4CCAF0-72C2-455F-8A75-8E40A5A918DC}.Release|x86.ActiveCfg = Release|Any CPU
		{A9CD5D94-C3CA-4640-88F4-65DA0C61FE70}.Debug|Any CPU.ActiveCfg = Debug|Any CPU
		{A9CD5D94-C3CA-4640-88F4-65DA0C61FE70}.Debug|Any CPU.Build.0 = Debug|Any CPU
		{A9CD5D94-C3CA-4640-88F4-65DA0C61FE70}.Debug|Mixed Platforms.ActiveCfg = Debug|Any CPU
		{A9CD5D94-C3CA-4640-88F4-65DA0C61FE70}.Debug|Mixed Platforms.Build.0 = Debug|Any CPU
		{A9CD5D94-C3CA-4640-88F4-65DA0C61FE70}.Debug|x86.ActiveCfg = Debug|Any CPU
		{A9CD5D94-C3CA-4640-88F4-65DA0C61FE70}.Release|Any CPU.ActiveCfg = Release|Any CPU
		{A9CD5D94-C3CA-4640-88F4-65DA0C61FE70}.Release|Any CPU.Build.0 = Release|Any CPU
		{A9CD5D94-C3CA-4640-88F4-65DA0C61FE70}.Release|Mixed Platforms.ActiveCfg = Release|Any CPU
		{A9CD5D94-C3CA-4640-88F4-65DA0C61FE70}.Release|Mixed Platforms.Build.0 = Release|Any CPU
		{A9CD5D94-C3CA-4640-88F4-65DA0C61FE70}.Release|x86.ActiveCfg = Release|Any CPU
		{198FF9A7-60DF-40DA-8219-F8D1E04BE13D}.Debug|Any CPU.ActiveCfg = Debug|Any CPU
		{198FF9A7-60DF-40DA-8219-F8D1E04BE13D}.Debug|Any CPU.Build.0 = Debug|Any CPU
		{198FF9A7-60DF-40DA-8219-F8D1E04BE13D}.Debug|Mixed Platforms.ActiveCfg = Debug|Any CPU
		{198FF9A7-60DF-40DA-8219-F8D1E04BE13D}.Debug|Mixed Platforms.Build.0 = Debug|Any CPU
		{198FF9A7-60DF-40DA-8219-F8D1E04BE13D}.Debug|x86.ActiveCfg = Debug|Any CPU
		{198FF9A7-60DF-40DA-8219-F8D1E04BE13D}.Release|Any CPU.ActiveCfg = Release|Any CPU
		{198FF9A7-60DF-40DA-8219-F8D1E04BE13D}.Release|Any CPU.Build.0 = Release|Any CPU
		{198FF9A7-60DF-40DA-8219-F8D1E04BE13D}.Release|Mixed Platforms.ActiveCfg = Release|Any CPU
		{198FF9A7-60DF-40DA-8219-F8D1E04BE13D}.Release|Mixed Platforms.Build.0 = Release|Any CPU
		{198FF9A7-60DF-40DA-8219-F8D1E04BE13D}.Release|x86.ActiveCfg = Release|Any CPU
		{33A34CF4-79B0-4568-86EB-69DCD2A1C05D}.Debug|Any CPU.ActiveCfg = Debug|Any CPU
		{33A34CF4-79B0-4568-86EB-69DCD2A1C05D}.Debug|Any CPU.Build.0 = Debug|Any CPU
		{33A34CF4-79B0-4568-86EB-69DCD2A1C05D}.Debug|Mixed Platforms.ActiveCfg = Debug|Any CPU
		{33A34CF4-79B0-4568-86EB-69DCD2A1C05D}.Debug|Mixed Platforms.Build.0 = Debug|Any CPU
		{33A34CF4-79B0-4568-86EB-69DCD2A1C05D}.Debug|x86.ActiveCfg = Debug|Any CPU
		{33A34CF4-79B0-4568-86EB-69DCD2A1C05D}.Release|Any CPU.ActiveCfg = Release|Any CPU
		{33A34CF4-79B0-4568-86EB-69DCD2A1C05D}.Release|Any CPU.Build.0 = Release|Any CPU
		{33A34CF4-79B0-4568-86EB-69DCD2A1C05D}.Release|Mixed Platforms.ActiveCfg = Release|Any CPU
		{33A34CF4-79B0-4568-86EB-69DCD2A1C05D}.Release|Mixed Platforms.Build.0 = Release|Any CPU
		{33A34CF4-79B0-4568-86EB-69DCD2A1C05D}.Release|x86.ActiveCfg = Release|Any CPU
		{87BB3FEC-CD52-4BFF-A538-C64D8D704125}.Debug|Any CPU.ActiveCfg = Debug|Any CPU
		{87BB3FEC-CD52-4BFF-A538-C64D8D704125}.Debug|Any CPU.Build.0 = Debug|Any CPU
		{87BB3FEC-CD52-4BFF-A538-C64D8D704125}.Debug|Mixed Platforms.ActiveCfg = Debug|Any CPU
		{87BB3FEC-CD52-4BFF-A538-C64D8D704125}.Debug|Mixed Platforms.Build.0 = Debug|Any CPU
		{87BB3FEC-CD52-4BFF-A538-C64D8D704125}.Debug|x86.ActiveCfg = Debug|Any CPU
		{87BB3FEC-CD52-4BFF-A538-C64D8D704125}.Release|Any CPU.ActiveCfg = Release|Any CPU
		{87BB3FEC-CD52-4BFF-A538-C64D8D704125}.Release|Any CPU.Build.0 = Release|Any CPU
		{87BB3FEC-CD52-4BFF-A538-C64D8D704125}.Release|Mixed Platforms.ActiveCfg = Release|Any CPU
		{87BB3FEC-CD52-4BFF-A538-C64D8D704125}.Release|Mixed Platforms.Build.0 = Release|Any CPU
		{87BB3FEC-CD52-4BFF-A538-C64D8D704125}.Release|x86.ActiveCfg = Release|Any CPU
		{16D78653-F9CD-4055-B5DD-4DF1AFAD8A0E}.Debug|Any CPU.ActiveCfg = Debug|Any CPU
		{16D78653-F9CD-4055-B5DD-4DF1AFAD8A0E}.Debug|Any CPU.Build.0 = Debug|Any CPU
		{16D78653-F9CD-4055-B5DD-4DF1AFAD8A0E}.Debug|Mixed Platforms.ActiveCfg = Debug|Any CPU
		{16D78653-F9CD-4055-B5DD-4DF1AFAD8A0E}.Debug|Mixed Platforms.Build.0 = Debug|Any CPU
		{16D78653-F9CD-4055-B5DD-4DF1AFAD8A0E}.Debug|x86.ActiveCfg = Debug|Any CPU
		{16D78653-F9CD-4055-B5DD-4DF1AFAD8A0E}.Release|Any CPU.ActiveCfg = Release|Any CPU
		{16D78653-F9CD-4055-B5DD-4DF1AFAD8A0E}.Release|Any CPU.Build.0 = Release|Any CPU
		{16D78653-F9CD-4055-B5DD-4DF1AFAD8A0E}.Release|Mixed Platforms.ActiveCfg = Release|Any CPU
		{16D78653-F9CD-4055-B5DD-4DF1AFAD8A0E}.Release|Mixed Platforms.Build.0 = Release|Any CPU
		{16D78653-F9CD-4055-B5DD-4DF1AFAD8A0E}.Release|x86.ActiveCfg = Release|Any CPU
		{9CFC9AD2-9DA6-45F4-A588-B410E94522CF}.Debug|Any CPU.ActiveCfg = Debug|Any CPU
		{9CFC9AD2-9DA6-45F4-A588-B410E94522CF}.Debug|Any CPU.Build.0 = Debug|Any CPU
		{9CFC9AD2-9DA6-45F4-A588-B410E94522CF}.Debug|Mixed Platforms.ActiveCfg = Debug|Any CPU
		{9CFC9AD2-9DA6-45F4-A588-B410E94522CF}.Debug|Mixed Platforms.Build.0 = Debug|Any CPU
		{9CFC9AD2-9DA6-45F4-A588-B410E94522CF}.Debug|x86.ActiveCfg = Debug|Any CPU
		{9CFC9AD2-9DA6-45F4-A588-B410E94522CF}.Release|Any CPU.ActiveCfg = Release|Any CPU
		{9CFC9AD2-9DA6-45F4-A588-B410E94522CF}.Release|Any CPU.Build.0 = Release|Any CPU
		{9CFC9AD2-9DA6-45F4-A588-B410E94522CF}.Release|Mixed Platforms.ActiveCfg = Release|Any CPU
		{9CFC9AD2-9DA6-45F4-A588-B410E94522CF}.Release|Mixed Platforms.Build.0 = Release|Any CPU
		{9CFC9AD2-9DA6-45F4-A588-B410E94522CF}.Release|x86.ActiveCfg = Release|Any CPU
		{BF9F6780-376D-4379-A545-00FFBFC65DC1}.Debug|Any CPU.ActiveCfg = Debug|Any CPU
		{BF9F6780-376D-4379-A545-00FFBFC65DC1}.Debug|Any CPU.Build.0 = Debug|Any CPU
		{BF9F6780-376D-4379-A545-00FFBFC65DC1}.Debug|Mixed Platforms.ActiveCfg = Debug|Any CPU
		{BF9F6780-376D-4379-A545-00FFBFC65DC1}.Debug|Mixed Platforms.Build.0 = Debug|Any CPU
		{BF9F6780-376D-4379-A545-00FFBFC65DC1}.Debug|x86.ActiveCfg = Debug|Any CPU
		{BF9F6780-376D-4379-A545-00FFBFC65DC1}.Release|Any CPU.ActiveCfg = Release|Any CPU
		{BF9F6780-376D-4379-A545-00FFBFC65DC1}.Release|Any CPU.Build.0 = Release|Any CPU
		{BF9F6780-376D-4379-A545-00FFBFC65DC1}.Release|Mixed Platforms.ActiveCfg = Release|Any CPU
		{BF9F6780-376D-4379-A545-00FFBFC65DC1}.Release|Mixed Platforms.Build.0 = Release|Any CPU
		{BF9F6780-376D-4379-A545-00FFBFC65DC1}.Release|x86.ActiveCfg = Release|Any CPU
		{07AA4DCB-4C90-4824-9EBB-F91CCE9B605A}.Debug|Any CPU.ActiveCfg = Debug|Any CPU
		{07AA4DCB-4C90-4824-9EBB-F91CCE9B605A}.Debug|Any CPU.Build.0 = Debug|Any CPU
		{07AA4DCB-4C90-4824-9EBB-F91CCE9B605A}.Debug|Mixed Platforms.ActiveCfg = Debug|Any CPU
		{07AA4DCB-4C90-4824-9EBB-F91CCE9B605A}.Debug|Mixed Platforms.Build.0 = Debug|Any CPU
		{07AA4DCB-4C90-4824-9EBB-F91CCE9B605A}.Debug|x86.ActiveCfg = Debug|Any CPU
		{07AA4DCB-4C90-4824-9EBB-F91CCE9B605A}.Release|Any CPU.ActiveCfg = Release|Any CPU
		{07AA4DCB-4C90-4824-9EBB-F91CCE9B605A}.Release|Any CPU.Build.0 = Release|Any CPU
		{07AA4DCB-4C90-4824-9EBB-F91CCE9B605A}.Release|Mixed Platforms.ActiveCfg = Release|Any CPU
		{07AA4DCB-4C90-4824-9EBB-F91CCE9B605A}.Release|Mixed Platforms.Build.0 = Release|Any CPU
		{07AA4DCB-4C90-4824-9EBB-F91CCE9B605A}.Release|x86.ActiveCfg = Release|Any CPU
		{9F8E8578-E439-48EB-B981-F939CCB8F07B}.Debug|Any CPU.ActiveCfg = Debug|Any CPU
		{9F8E8578-E439-48EB-B981-F939CCB8F07B}.Debug|Any CPU.Build.0 = Debug|Any CPU
		{9F8E8578-E439-48EB-B981-F939CCB8F07B}.Debug|Mixed Platforms.ActiveCfg = Debug|Any CPU
		{9F8E8578-E439-48EB-B981-F939CCB8F07B}.Debug|Mixed Platforms.Build.0 = Debug|Any CPU
		{9F8E8578-E439-48EB-B981-F939CCB8F07B}.Debug|x86.ActiveCfg = Debug|Any CPU
		{9F8E8578-E439-48EB-B981-F939CCB8F07B}.Release|Any CPU.ActiveCfg = Release|Any CPU
		{9F8E8578-E439-48EB-B981-F939CCB8F07B}.Release|Any CPU.Build.0 = Release|Any CPU
		{9F8E8578-E439-48EB-B981-F939CCB8F07B}.Release|Mixed Platforms.ActiveCfg = Release|Any CPU
		{9F8E8578-E439-48EB-B981-F939CCB8F07B}.Release|Mixed Platforms.Build.0 = Release|Any CPU
		{9F8E8578-E439-48EB-B981-F939CCB8F07B}.Release|x86.ActiveCfg = Release|Any CPU
		{0A8D5F65-5BDF-4704-A626-997E648A5299}.Debug|Any CPU.ActiveCfg = Debug|Any CPU
		{0A8D5F65-5BDF-4704-A626-997E648A5299}.Debug|Any CPU.Build.0 = Debug|Any CPU
		{0A8D5F65-5BDF-4704-A626-997E648A5299}.Debug|Mixed Platforms.ActiveCfg = Debug|Any CPU
		{0A8D5F65-5BDF-4704-A626-997E648A5299}.Debug|Mixed Platforms.Build.0 = Debug|Any CPU
		{0A8D5F65-5BDF-4704-A626-997E648A5299}.Debug|x86.ActiveCfg = Debug|Any CPU
		{0A8D5F65-5BDF-4704-A626-997E648A5299}.Release|Any CPU.ActiveCfg = Release|Any CPU
		{0A8D5F65-5BDF-4704-A626-997E648A5299}.Release|Any CPU.Build.0 = Release|Any CPU
		{0A8D5F65-5BDF-4704-A626-997E648A5299}.Release|Mixed Platforms.ActiveCfg = Release|Any CPU
		{0A8D5F65-5BDF-4704-A626-997E648A5299}.Release|Mixed Platforms.Build.0 = Release|Any CPU
		{0A8D5F65-5BDF-4704-A626-997E648A5299}.Release|x86.ActiveCfg = Release|Any CPU
		{69D2DE0D-EF0C-4083-AE88-556DBB5AD9CD}.Debug|Any CPU.ActiveCfg = Debug|Any CPU
		{69D2DE0D-EF0C-4083-AE88-556DBB5AD9CD}.Debug|Any CPU.Build.0 = Debug|Any CPU
		{69D2DE0D-EF0C-4083-AE88-556DBB5AD9CD}.Debug|Mixed Platforms.ActiveCfg = Debug|Any CPU
		{69D2DE0D-EF0C-4083-AE88-556DBB5AD9CD}.Debug|Mixed Platforms.Build.0 = Debug|Any CPU
		{69D2DE0D-EF0C-4083-AE88-556DBB5AD9CD}.Debug|x86.ActiveCfg = Debug|Any CPU
		{69D2DE0D-EF0C-4083-AE88-556DBB5AD9CD}.Release|Any CPU.ActiveCfg = Release|Any CPU
		{69D2DE0D-EF0C-4083-AE88-556DBB5AD9CD}.Release|Any CPU.Build.0 = Release|Any CPU
		{69D2DE0D-EF0C-4083-AE88-556DBB5AD9CD}.Release|Mixed Platforms.ActiveCfg = Release|Any CPU
		{69D2DE0D-EF0C-4083-AE88-556DBB5AD9CD}.Release|Mixed Platforms.Build.0 = Release|Any CPU
		{69D2DE0D-EF0C-4083-AE88-556DBB5AD9CD}.Release|x86.ActiveCfg = Release|Any CPU
		{4BA86064-924C-4B89-A62D-AC7BF6196F49}.Debug|Any CPU.ActiveCfg = Debug|Any CPU
		{4BA86064-924C-4B89-A62D-AC7BF6196F49}.Debug|Any CPU.Build.0 = Debug|Any CPU
		{4BA86064-924C-4B89-A62D-AC7BF6196F49}.Debug|Mixed Platforms.ActiveCfg = Debug|Any CPU
		{4BA86064-924C-4B89-A62D-AC7BF6196F49}.Debug|Mixed Platforms.Build.0 = Debug|Any CPU
		{4BA86064-924C-4B89-A62D-AC7BF6196F49}.Debug|x86.ActiveCfg = Debug|Any CPU
		{4BA86064-924C-4B89-A62D-AC7BF6196F49}.Release|Any CPU.ActiveCfg = Release|Any CPU
		{4BA86064-924C-4B89-A62D-AC7BF6196F49}.Release|Any CPU.Build.0 = Release|Any CPU
		{4BA86064-924C-4B89-A62D-AC7BF6196F49}.Release|Mixed Platforms.ActiveCfg = Release|Any CPU
		{4BA86064-924C-4B89-A62D-AC7BF6196F49}.Release|Mixed Platforms.Build.0 = Release|Any CPU
		{4BA86064-924C-4B89-A62D-AC7BF6196F49}.Release|x86.ActiveCfg = Release|Any CPU
		{C593A3A9-DBB4-44ED-86FE-D2F59F9C96DD}.Debug|Any CPU.ActiveCfg = Debug|Any CPU
		{C593A3A9-DBB4-44ED-86FE-D2F59F9C96DD}.Debug|Any CPU.Build.0 = Debug|Any CPU
		{C593A3A9-DBB4-44ED-86FE-D2F59F9C96DD}.Debug|Mixed Platforms.ActiveCfg = Debug|Any CPU
		{C593A3A9-DBB4-44ED-86FE-D2F59F9C96DD}.Debug|Mixed Platforms.Build.0 = Debug|Any CPU
		{C593A3A9-DBB4-44ED-86FE-D2F59F9C96DD}.Debug|x86.ActiveCfg = Debug|Any CPU
		{C593A3A9-DBB4-44ED-86FE-D2F59F9C96DD}.Release|Any CPU.ActiveCfg = Release|Any CPU
		{C593A3A9-DBB4-44ED-86FE-D2F59F9C96DD}.Release|Any CPU.Build.0 = Release|Any CPU
		{C593A3A9-DBB4-44ED-86FE-D2F59F9C96DD}.Release|Mixed Platforms.ActiveCfg = Release|Any CPU
		{C593A3A9-DBB4-44ED-86FE-D2F59F9C96DD}.Release|Mixed Platforms.Build.0 = Release|Any CPU
		{C593A3A9-DBB4-44ED-86FE-D2F59F9C96DD}.Release|x86.ActiveCfg = Release|Any CPU
		{C77AA23A-9D83-45D3-8318-64BC2D19AD72}.Debug|Any CPU.ActiveCfg = Debug|Any CPU
		{C77AA23A-9D83-45D3-8318-64BC2D19AD72}.Debug|Any CPU.Build.0 = Debug|Any CPU
		{C77AA23A-9D83-45D3-8318-64BC2D19AD72}.Debug|Mixed Platforms.ActiveCfg = Debug|Any CPU
		{C77AA23A-9D83-45D3-8318-64BC2D19AD72}.Debug|Mixed Platforms.Build.0 = Debug|Any CPU
		{C77AA23A-9D83-45D3-8318-64BC2D19AD72}.Debug|x86.ActiveCfg = Debug|Any CPU
		{C77AA23A-9D83-45D3-8318-64BC2D19AD72}.Release|Any CPU.ActiveCfg = Release|Any CPU
		{C77AA23A-9D83-45D3-8318-64BC2D19AD72}.Release|Any CPU.Build.0 = Release|Any CPU
		{C77AA23A-9D83-45D3-8318-64BC2D19AD72}.Release|Mixed Platforms.ActiveCfg = Release|Any CPU
		{C77AA23A-9D83-45D3-8318-64BC2D19AD72}.Release|Mixed Platforms.Build.0 = Release|Any CPU
		{C77AA23A-9D83-45D3-8318-64BC2D19AD72}.Release|x86.ActiveCfg = Release|Any CPU
		{0AFDEE66-7BF9-4C35-B797-63523B3AA50A}.Debug|Any CPU.ActiveCfg = Debug|Any CPU
		{0AFDEE66-7BF9-4C35-B797-63523B3AA50A}.Debug|Any CPU.Build.0 = Debug|Any CPU
		{0AFDEE66-7BF9-4C35-B797-63523B3AA50A}.Debug|Mixed Platforms.ActiveCfg = Debug|Any CPU
		{0AFDEE66-7BF9-4C35-B797-63523B3AA50A}.Debug|Mixed Platforms.Build.0 = Debug|Any CPU
		{0AFDEE66-7BF9-4C35-B797-63523B3AA50A}.Debug|x86.ActiveCfg = Debug|Any CPU
		{0AFDEE66-7BF9-4C35-B797-63523B3AA50A}.Release|Any CPU.ActiveCfg = Release|Any CPU
		{0AFDEE66-7BF9-4C35-B797-63523B3AA50A}.Release|Any CPU.Build.0 = Release|Any CPU
		{0AFDEE66-7BF9-4C35-B797-63523B3AA50A}.Release|Mixed Platforms.ActiveCfg = Release|Any CPU
		{0AFDEE66-7BF9-4C35-B797-63523B3AA50A}.Release|Mixed Platforms.Build.0 = Release|Any CPU
		{0AFDEE66-7BF9-4C35-B797-63523B3AA50A}.Release|x86.ActiveCfg = Release|Any CPU
		{5E36805D-725F-4B6E-824B-5E3BB70B8884}.Debug|Any CPU.ActiveCfg = Debug|Any CPU
		{5E36805D-725F-4B6E-824B-5E3BB70B8884}.Debug|Any CPU.Build.0 = Debug|Any CPU
		{5E36805D-725F-4B6E-824B-5E3BB70B8884}.Debug|Mixed Platforms.ActiveCfg = Debug|Any CPU
		{5E36805D-725F-4B6E-824B-5E3BB70B8884}.Debug|Mixed Platforms.Build.0 = Debug|Any CPU
		{5E36805D-725F-4B6E-824B-5E3BB70B8884}.Debug|x86.ActiveCfg = Debug|Any CPU
		{5E36805D-725F-4B6E-824B-5E3BB70B8884}.Release|Any CPU.ActiveCfg = Release|Any CPU
		{5E36805D-725F-4B6E-824B-5E3BB70B8884}.Release|Any CPU.Build.0 = Release|Any CPU
		{5E36805D-725F-4B6E-824B-5E3BB70B8884}.Release|Mixed Platforms.ActiveCfg = Release|Any CPU
		{5E36805D-725F-4B6E-824B-5E3BB70B8884}.Release|Mixed Platforms.Build.0 = Release|Any CPU
		{5E36805D-725F-4B6E-824B-5E3BB70B8884}.Release|x86.ActiveCfg = Release|Any CPU
		{F4785757-9CBB-477F-B804-3FDB07BCA556}.Debug|Any CPU.ActiveCfg = Debug|Any CPU
		{F4785757-9CBB-477F-B804-3FDB07BCA556}.Debug|Any CPU.Build.0 = Debug|Any CPU
		{F4785757-9CBB-477F-B804-3FDB07BCA556}.Debug|Mixed Platforms.ActiveCfg = Debug|Any CPU
		{F4785757-9CBB-477F-B804-3FDB07BCA556}.Debug|Mixed Platforms.Build.0 = Debug|Any CPU
		{F4785757-9CBB-477F-B804-3FDB07BCA556}.Debug|x86.ActiveCfg = Debug|Any CPU
		{F4785757-9CBB-477F-B804-3FDB07BCA556}.Release|Any CPU.ActiveCfg = Release|Any CPU
		{F4785757-9CBB-477F-B804-3FDB07BCA556}.Release|Any CPU.Build.0 = Release|Any CPU
		{F4785757-9CBB-477F-B804-3FDB07BCA556}.Release|Mixed Platforms.ActiveCfg = Release|Any CPU
		{F4785757-9CBB-477F-B804-3FDB07BCA556}.Release|Mixed Platforms.Build.0 = Release|Any CPU
		{F4785757-9CBB-477F-B804-3FDB07BCA556}.Release|x86.ActiveCfg = Release|Any CPU
		{F03B668A-6266-4F23-98E0-4882B6CC7003}.Debug|Any CPU.ActiveCfg = Debug|Any CPU
		{F03B668A-6266-4F23-98E0-4882B6CC7003}.Debug|Any CPU.Build.0 = Debug|Any CPU
		{F03B668A-6266-4F23-98E0-4882B6CC7003}.Debug|Mixed Platforms.ActiveCfg = Debug|Any CPU
		{F03B668A-6266-4F23-98E0-4882B6CC7003}.Debug|Mixed Platforms.Build.0 = Debug|Any CPU
		{F03B668A-6266-4F23-98E0-4882B6CC7003}.Debug|x86.ActiveCfg = Debug|Any CPU
		{F03B668A-6266-4F23-98E0-4882B6CC7003}.Release|Any CPU.ActiveCfg = Release|Any CPU
		{F03B668A-6266-4F23-98E0-4882B6CC7003}.Release|Any CPU.Build.0 = Release|Any CPU
		{F03B668A-6266-4F23-98E0-4882B6CC7003}.Release|Mixed Platforms.ActiveCfg = Release|Any CPU
		{F03B668A-6266-4F23-98E0-4882B6CC7003}.Release|Mixed Platforms.Build.0 = Release|Any CPU
		{F03B668A-6266-4F23-98E0-4882B6CC7003}.Release|x86.ActiveCfg = Release|Any CPU
		{18083921-286C-4BB7-B1BA-DF543E096599}.Debug|Any CPU.ActiveCfg = Debug|Any CPU
		{18083921-286C-4BB7-B1BA-DF543E096599}.Debug|Any CPU.Build.0 = Debug|Any CPU
		{18083921-286C-4BB7-B1BA-DF543E096599}.Debug|Mixed Platforms.ActiveCfg = Debug|Any CPU
		{18083921-286C-4BB7-B1BA-DF543E096599}.Debug|Mixed Platforms.Build.0 = Debug|Any CPU
		{18083921-286C-4BB7-B1BA-DF543E096599}.Debug|x86.ActiveCfg = Debug|Any CPU
		{18083921-286C-4BB7-B1BA-DF543E096599}.Release|Any CPU.ActiveCfg = Release|Any CPU
		{18083921-286C-4BB7-B1BA-DF543E096599}.Release|Any CPU.Build.0 = Release|Any CPU
		{18083921-286C-4BB7-B1BA-DF543E096599}.Release|Mixed Platforms.ActiveCfg = Release|Any CPU
		{18083921-286C-4BB7-B1BA-DF543E096599}.Release|Mixed Platforms.Build.0 = Release|Any CPU
		{18083921-286C-4BB7-B1BA-DF543E096599}.Release|x86.ActiveCfg = Release|Any CPU
		{6D822190-5261-48E4-9C33-2025F9A9E986}.Debug|Any CPU.ActiveCfg = Debug|Any CPU
		{6D822190-5261-48E4-9C33-2025F9A9E986}.Debug|Any CPU.Build.0 = Debug|Any CPU
		{6D822190-5261-48E4-9C33-2025F9A9E986}.Debug|Mixed Platforms.ActiveCfg = Debug|Any CPU
		{6D822190-5261-48E4-9C33-2025F9A9E986}.Debug|Mixed Platforms.Build.0 = Debug|Any CPU
		{6D822190-5261-48E4-9C33-2025F9A9E986}.Debug|x86.ActiveCfg = Debug|Any CPU
		{6D822190-5261-48E4-9C33-2025F9A9E986}.Release|Any CPU.ActiveCfg = Release|Any CPU
		{6D822190-5261-48E4-9C33-2025F9A9E986}.Release|Any CPU.Build.0 = Release|Any CPU
		{6D822190-5261-48E4-9C33-2025F9A9E986}.Release|Mixed Platforms.ActiveCfg = Release|Any CPU
		{6D822190-5261-48E4-9C33-2025F9A9E986}.Release|Mixed Platforms.Build.0 = Release|Any CPU
		{6D822190-5261-48E4-9C33-2025F9A9E986}.Release|x86.ActiveCfg = Release|Any CPU
		{36FF804B-881D-44E7-82AD-1F1BE038A506}.Debug|Any CPU.ActiveCfg = Debug|Any CPU
		{36FF804B-881D-44E7-82AD-1F1BE038A506}.Debug|Any CPU.Build.0 = Debug|Any CPU
		{36FF804B-881D-44E7-82AD-1F1BE038A506}.Debug|Mixed Platforms.ActiveCfg = Debug|Any CPU
		{36FF804B-881D-44E7-82AD-1F1BE038A506}.Debug|Mixed Platforms.Build.0 = Debug|Any CPU
		{36FF804B-881D-44E7-82AD-1F1BE038A506}.Debug|x86.ActiveCfg = Debug|Any CPU
		{36FF804B-881D-44E7-82AD-1F1BE038A506}.Debug|x86.Build.0 = Debug|Any CPU
		{36FF804B-881D-44E7-82AD-1F1BE038A506}.Release|Any CPU.ActiveCfg = Release|Any CPU
		{36FF804B-881D-44E7-82AD-1F1BE038A506}.Release|Any CPU.Build.0 = Release|Any CPU
		{36FF804B-881D-44E7-82AD-1F1BE038A506}.Release|Mixed Platforms.ActiveCfg = Release|Any CPU
		{36FF804B-881D-44E7-82AD-1F1BE038A506}.Release|Mixed Platforms.Build.0 = Release|Any CPU
		{36FF804B-881D-44E7-82AD-1F1BE038A506}.Release|x86.ActiveCfg = Release|Any CPU
		{36FF804B-881D-44E7-82AD-1F1BE038A506}.Release|x86.Build.0 = Release|Any CPU
		{44F95A82-B782-41F1-BD80-24837A6E0433}.Debug|Any CPU.ActiveCfg = Debug|Any CPU
		{44F95A82-B782-41F1-BD80-24837A6E0433}.Debug|Any CPU.Build.0 = Debug|Any CPU
		{44F95A82-B782-41F1-BD80-24837A6E0433}.Debug|Mixed Platforms.ActiveCfg = Debug|Any CPU
		{44F95A82-B782-41F1-BD80-24837A6E0433}.Debug|Mixed Platforms.Build.0 = Debug|Any CPU
		{44F95A82-B782-41F1-BD80-24837A6E0433}.Debug|x86.ActiveCfg = Debug|Any CPU
		{44F95A82-B782-41F1-BD80-24837A6E0433}.Debug|x86.Build.0 = Debug|Any CPU
		{44F95A82-B782-41F1-BD80-24837A6E0433}.Release|Any CPU.ActiveCfg = Release|Any CPU
		{44F95A82-B782-41F1-BD80-24837A6E0433}.Release|Any CPU.Build.0 = Release|Any CPU
		{44F95A82-B782-41F1-BD80-24837A6E0433}.Release|Mixed Platforms.ActiveCfg = Release|Any CPU
		{44F95A82-B782-41F1-BD80-24837A6E0433}.Release|Mixed Platforms.Build.0 = Release|Any CPU
		{44F95A82-B782-41F1-BD80-24837A6E0433}.Release|x86.ActiveCfg = Release|Any CPU
		{44F95A82-B782-41F1-BD80-24837A6E0433}.Release|x86.Build.0 = Release|Any CPU
		{BED0D2A2-24B2-45CB-9CB4-CDBE631638ED}.Debug|Any CPU.ActiveCfg = Debug|Any CPU
		{BED0D2A2-24B2-45CB-9CB4-CDBE631638ED}.Debug|Any CPU.Build.0 = Debug|Any CPU
		{BED0D2A2-24B2-45CB-9CB4-CDBE631638ED}.Debug|Mixed Platforms.ActiveCfg = Debug|Any CPU
		{BED0D2A2-24B2-45CB-9CB4-CDBE631638ED}.Debug|Mixed Platforms.Build.0 = Debug|Any CPU
		{BED0D2A2-24B2-45CB-9CB4-CDBE631638ED}.Debug|x86.ActiveCfg = Debug|Any CPU
		{BED0D2A2-24B2-45CB-9CB4-CDBE631638ED}.Debug|x86.Build.0 = Debug|Any CPU
		{BED0D2A2-24B2-45CB-9CB4-CDBE631638ED}.Release|Any CPU.ActiveCfg = Release|Any CPU
		{BED0D2A2-24B2-45CB-9CB4-CDBE631638ED}.Release|Any CPU.Build.0 = Release|Any CPU
		{BED0D2A2-24B2-45CB-9CB4-CDBE631638ED}.Release|Mixed Platforms.ActiveCfg = Release|Any CPU
		{BED0D2A2-24B2-45CB-9CB4-CDBE631638ED}.Release|Mixed Platforms.Build.0 = Release|Any CPU
		{BED0D2A2-24B2-45CB-9CB4-CDBE631638ED}.Release|x86.ActiveCfg = Release|Any CPU
		{BED0D2A2-24B2-45CB-9CB4-CDBE631638ED}.Release|x86.Build.0 = Release|Any CPU
		{90115492-F1B3-4576-9D33-BC226E1DAFAD}.Debug|Any CPU.ActiveCfg = Debug|Any CPU
		{90115492-F1B3-4576-9D33-BC226E1DAFAD}.Debug|Any CPU.Build.0 = Debug|Any CPU
		{90115492-F1B3-4576-9D33-BC226E1DAFAD}.Debug|Mixed Platforms.ActiveCfg = Debug|Any CPU
		{90115492-F1B3-4576-9D33-BC226E1DAFAD}.Debug|Mixed Platforms.Build.0 = Debug|Any CPU
		{90115492-F1B3-4576-9D33-BC226E1DAFAD}.Debug|x86.ActiveCfg = Debug|Any CPU
		{90115492-F1B3-4576-9D33-BC226E1DAFAD}.Debug|x86.Build.0 = Debug|Any CPU
		{90115492-F1B3-4576-9D33-BC226E1DAFAD}.Release|Any CPU.ActiveCfg = Release|Any CPU
		{90115492-F1B3-4576-9D33-BC226E1DAFAD}.Release|Any CPU.Build.0 = Release|Any CPU
		{90115492-F1B3-4576-9D33-BC226E1DAFAD}.Release|Mixed Platforms.ActiveCfg = Release|Any CPU
		{90115492-F1B3-4576-9D33-BC226E1DAFAD}.Release|Mixed Platforms.Build.0 = Release|Any CPU
		{90115492-F1B3-4576-9D33-BC226E1DAFAD}.Release|x86.ActiveCfg = Release|Any CPU
		{90115492-F1B3-4576-9D33-BC226E1DAFAD}.Release|x86.Build.0 = Release|Any CPU
		{B5701CA0-5AAD-4ECE-AFD0-025306AC58EA}.Debug|Any CPU.ActiveCfg = Debug|Any CPU
		{B5701CA0-5AAD-4ECE-AFD0-025306AC58EA}.Debug|Any CPU.Build.0 = Debug|Any CPU
		{B5701CA0-5AAD-4ECE-AFD0-025306AC58EA}.Debug|Mixed Platforms.ActiveCfg = Debug|Any CPU
		{B5701CA0-5AAD-4ECE-AFD0-025306AC58EA}.Debug|Mixed Platforms.Build.0 = Debug|Any CPU
		{B5701CA0-5AAD-4ECE-AFD0-025306AC58EA}.Debug|x86.ActiveCfg = Debug|Any CPU
		{B5701CA0-5AAD-4ECE-AFD0-025306AC58EA}.Debug|x86.Build.0 = Debug|Any CPU
		{B5701CA0-5AAD-4ECE-AFD0-025306AC58EA}.Release|Any CPU.ActiveCfg = Release|Any CPU
		{B5701CA0-5AAD-4ECE-AFD0-025306AC58EA}.Release|Any CPU.Build.0 = Release|Any CPU
		{B5701CA0-5AAD-4ECE-AFD0-025306AC58EA}.Release|Mixed Platforms.ActiveCfg = Release|Any CPU
		{B5701CA0-5AAD-4ECE-AFD0-025306AC58EA}.Release|Mixed Platforms.Build.0 = Release|Any CPU
		{B5701CA0-5AAD-4ECE-AFD0-025306AC58EA}.Release|x86.ActiveCfg = Release|Any CPU
		{B5701CA0-5AAD-4ECE-AFD0-025306AC58EA}.Release|x86.Build.0 = Release|Any CPU
		{52401D44-C6A6-458D-8593-786AE1D79448}.Debug|Any CPU.ActiveCfg = Debug|Any CPU
		{52401D44-C6A6-458D-8593-786AE1D79448}.Debug|Any CPU.Build.0 = Debug|Any CPU
		{52401D44-C6A6-458D-8593-786AE1D79448}.Debug|Mixed Platforms.ActiveCfg = Debug|Any CPU
		{52401D44-C6A6-458D-8593-786AE1D79448}.Debug|Mixed Platforms.Build.0 = Debug|Any CPU
		{52401D44-C6A6-458D-8593-786AE1D79448}.Debug|x86.ActiveCfg = Debug|Any CPU
		{52401D44-C6A6-458D-8593-786AE1D79448}.Debug|x86.Build.0 = Debug|Any CPU
		{52401D44-C6A6-458D-8593-786AE1D79448}.Release|Any CPU.ActiveCfg = Release|Any CPU
		{52401D44-C6A6-458D-8593-786AE1D79448}.Release|Any CPU.Build.0 = Release|Any CPU
		{52401D44-C6A6-458D-8593-786AE1D79448}.Release|Mixed Platforms.ActiveCfg = Release|Any CPU
		{52401D44-C6A6-458D-8593-786AE1D79448}.Release|Mixed Platforms.Build.0 = Release|Any CPU
		{52401D44-C6A6-458D-8593-786AE1D79448}.Release|x86.ActiveCfg = Release|Any CPU
		{52401D44-C6A6-458D-8593-786AE1D79448}.Release|x86.Build.0 = Release|Any CPU
		{A7D8DDF0-A47D-4BCB-B452-0AF4AAF19E5B}.Debug|Any CPU.ActiveCfg = Debug|Any CPU
		{A7D8DDF0-A47D-4BCB-B452-0AF4AAF19E5B}.Debug|Any CPU.Build.0 = Debug|Any CPU
		{A7D8DDF0-A47D-4BCB-B452-0AF4AAF19E5B}.Debug|Mixed Platforms.ActiveCfg = Debug|Any CPU
		{A7D8DDF0-A47D-4BCB-B452-0AF4AAF19E5B}.Debug|Mixed Platforms.Build.0 = Debug|Any CPU
		{A7D8DDF0-A47D-4BCB-B452-0AF4AAF19E5B}.Debug|x86.ActiveCfg = Debug|Any CPU
		{A7D8DDF0-A47D-4BCB-B452-0AF4AAF19E5B}.Debug|x86.Build.0 = Debug|Any CPU
		{A7D8DDF0-A47D-4BCB-B452-0AF4AAF19E5B}.Release|Any CPU.ActiveCfg = Release|Any CPU
		{A7D8DDF0-A47D-4BCB-B452-0AF4AAF19E5B}.Release|Any CPU.Build.0 = Release|Any CPU
		{A7D8DDF0-A47D-4BCB-B452-0AF4AAF19E5B}.Release|Mixed Platforms.ActiveCfg = Release|Any CPU
		{A7D8DDF0-A47D-4BCB-B452-0AF4AAF19E5B}.Release|Mixed Platforms.Build.0 = Release|Any CPU
		{A7D8DDF0-A47D-4BCB-B452-0AF4AAF19E5B}.Release|x86.ActiveCfg = Release|Any CPU
		{A7D8DDF0-A47D-4BCB-B452-0AF4AAF19E5B}.Release|x86.Build.0 = Release|Any CPU
		{23AC4784-DD7C-4BEB-99D5-1088DEB10988}.Debug|Any CPU.ActiveCfg = Debug|Any CPU
		{23AC4784-DD7C-4BEB-99D5-1088DEB10988}.Debug|Any CPU.Build.0 = Debug|Any CPU
		{23AC4784-DD7C-4BEB-99D5-1088DEB10988}.Debug|Mixed Platforms.ActiveCfg = Debug|Any CPU
		{23AC4784-DD7C-4BEB-99D5-1088DEB10988}.Debug|Mixed Platforms.Build.0 = Debug|Any CPU
		{23AC4784-DD7C-4BEB-99D5-1088DEB10988}.Debug|x86.ActiveCfg = Debug|Any CPU
		{23AC4784-DD7C-4BEB-99D5-1088DEB10988}.Release|Any CPU.ActiveCfg = Release|Any CPU
		{23AC4784-DD7C-4BEB-99D5-1088DEB10988}.Release|Any CPU.Build.0 = Release|Any CPU
		{23AC4784-DD7C-4BEB-99D5-1088DEB10988}.Release|Mixed Platforms.ActiveCfg = Release|Any CPU
		{23AC4784-DD7C-4BEB-99D5-1088DEB10988}.Release|Mixed Platforms.Build.0 = Release|Any CPU
		{23AC4784-DD7C-4BEB-99D5-1088DEB10988}.Release|x86.ActiveCfg = Release|Any CPU
		{D9E3FEEE-434F-451E-9D8E-76A30FC15D2E}.Debug|Any CPU.ActiveCfg = Debug|Any CPU
		{D9E3FEEE-434F-451E-9D8E-76A30FC15D2E}.Debug|Any CPU.Build.0 = Debug|Any CPU
		{D9E3FEEE-434F-451E-9D8E-76A30FC15D2E}.Debug|Mixed Platforms.ActiveCfg = Debug|Any CPU
		{D9E3FEEE-434F-451E-9D8E-76A30FC15D2E}.Debug|Mixed Platforms.Build.0 = Debug|Any CPU
		{D9E3FEEE-434F-451E-9D8E-76A30FC15D2E}.Debug|x86.ActiveCfg = Debug|Any CPU
		{D9E3FEEE-434F-451E-9D8E-76A30FC15D2E}.Debug|x86.Build.0 = Debug|Any CPU
		{D9E3FEEE-434F-451E-9D8E-76A30FC15D2E}.Release|Any CPU.ActiveCfg = Release|Any CPU
		{D9E3FEEE-434F-451E-9D8E-76A30FC15D2E}.Release|Any CPU.Build.0 = Release|Any CPU
		{D9E3FEEE-434F-451E-9D8E-76A30FC15D2E}.Release|Mixed Platforms.ActiveCfg = Release|Any CPU
		{D9E3FEEE-434F-451E-9D8E-76A30FC15D2E}.Release|Mixed Platforms.Build.0 = Release|Any CPU
		{D9E3FEEE-434F-451E-9D8E-76A30FC15D2E}.Release|x86.ActiveCfg = Release|Any CPU
		{D9E3FEEE-434F-451E-9D8E-76A30FC15D2E}.Release|x86.Build.0 = Release|Any CPU
		{A2A4CB59-E768-4DF1-8F9D-0C34A80306BB}.Debug|Any CPU.ActiveCfg = Debug|Any CPU
		{A2A4CB59-E768-4DF1-8F9D-0C34A80306BB}.Debug|Any CPU.Build.0 = Debug|Any CPU
		{A2A4CB59-E768-4DF1-8F9D-0C34A80306BB}.Debug|Mixed Platforms.ActiveCfg = Debug|Any CPU
		{A2A4CB59-E768-4DF1-8F9D-0C34A80306BB}.Debug|Mixed Platforms.Build.0 = Debug|Any CPU
		{A2A4CB59-E768-4DF1-8F9D-0C34A80306BB}.Debug|x86.ActiveCfg = Debug|Any CPU
		{A2A4CB59-E768-4DF1-8F9D-0C34A80306BB}.Debug|x86.Build.0 = Debug|Any CPU
		{A2A4CB59-E768-4DF1-8F9D-0C34A80306BB}.Release|Any CPU.ActiveCfg = Release|Any CPU
		{A2A4CB59-E768-4DF1-8F9D-0C34A80306BB}.Release|Any CPU.Build.0 = Release|Any CPU
		{A2A4CB59-E768-4DF1-8F9D-0C34A80306BB}.Release|Mixed Platforms.ActiveCfg = Release|Any CPU
		{A2A4CB59-E768-4DF1-8F9D-0C34A80306BB}.Release|Mixed Platforms.Build.0 = Release|Any CPU
		{A2A4CB59-E768-4DF1-8F9D-0C34A80306BB}.Release|x86.ActiveCfg = Release|Any CPU
		{A2A4CB59-E768-4DF1-8F9D-0C34A80306BB}.Release|x86.Build.0 = Release|Any CPU
		{F980F44B-8D67-4E1C-9C8C-888547D19EFA}.Debug|Any CPU.ActiveCfg = Debug|Any CPU
		{F980F44B-8D67-4E1C-9C8C-888547D19EFA}.Debug|Any CPU.Build.0 = Debug|Any CPU
		{F980F44B-8D67-4E1C-9C8C-888547D19EFA}.Debug|Mixed Platforms.ActiveCfg = Debug|Any CPU
		{F980F44B-8D67-4E1C-9C8C-888547D19EFA}.Debug|Mixed Platforms.Build.0 = Debug|Any CPU
		{F980F44B-8D67-4E1C-9C8C-888547D19EFA}.Debug|x86.ActiveCfg = Debug|Any CPU
		{F980F44B-8D67-4E1C-9C8C-888547D19EFA}.Debug|x86.Build.0 = Debug|Any CPU
		{F980F44B-8D67-4E1C-9C8C-888547D19EFA}.Release|Any CPU.ActiveCfg = Release|Any CPU
		{F980F44B-8D67-4E1C-9C8C-888547D19EFA}.Release|Any CPU.Build.0 = Release|Any CPU
		{F980F44B-8D67-4E1C-9C8C-888547D19EFA}.Release|Mixed Platforms.ActiveCfg = Release|Any CPU
		{F980F44B-8D67-4E1C-9C8C-888547D19EFA}.Release|Mixed Platforms.Build.0 = Release|Any CPU
		{F980F44B-8D67-4E1C-9C8C-888547D19EFA}.Release|x86.ActiveCfg = Release|Any CPU
		{F980F44B-8D67-4E1C-9C8C-888547D19EFA}.Release|x86.Build.0 = Release|Any CPU
		{0CC2F32A-2CEB-435F-A86B-FF1334E8C9DD}.Debug|Any CPU.ActiveCfg = Debug|Any CPU
		{0CC2F32A-2CEB-435F-A86B-FF1334E8C9DD}.Debug|Any CPU.Build.0 = Debug|Any CPU
		{0CC2F32A-2CEB-435F-A86B-FF1334E8C9DD}.Debug|Mixed Platforms.ActiveCfg = Debug|Any CPU
		{0CC2F32A-2CEB-435F-A86B-FF1334E8C9DD}.Debug|Mixed Platforms.Build.0 = Debug|Any CPU
		{0CC2F32A-2CEB-435F-A86B-FF1334E8C9DD}.Debug|x86.ActiveCfg = Debug|Any CPU
		{0CC2F32A-2CEB-435F-A86B-FF1334E8C9DD}.Debug|x86.Build.0 = Debug|Any CPU
		{0CC2F32A-2CEB-435F-A86B-FF1334E8C9DD}.Release|Any CPU.ActiveCfg = Release|Any CPU
		{0CC2F32A-2CEB-435F-A86B-FF1334E8C9DD}.Release|Any CPU.Build.0 = Release|Any CPU
		{0CC2F32A-2CEB-435F-A86B-FF1334E8C9DD}.Release|Mixed Platforms.ActiveCfg = Release|Any CPU
		{0CC2F32A-2CEB-435F-A86B-FF1334E8C9DD}.Release|Mixed Platforms.Build.0 = Release|Any CPU
		{0CC2F32A-2CEB-435F-A86B-FF1334E8C9DD}.Release|x86.ActiveCfg = Release|Any CPU
		{0CC2F32A-2CEB-435F-A86B-FF1334E8C9DD}.Release|x86.Build.0 = Release|Any CPU
		{A7218F85-9EED-4B1E-9F65-2F6FC0829AB4}.Debug|Any CPU.ActiveCfg = Debug|Any CPU
		{A7218F85-9EED-4B1E-9F65-2F6FC0829AB4}.Debug|Any CPU.Build.0 = Debug|Any CPU
		{A7218F85-9EED-4B1E-9F65-2F6FC0829AB4}.Debug|Mixed Platforms.ActiveCfg = Debug|Any CPU
		{A7218F85-9EED-4B1E-9F65-2F6FC0829AB4}.Debug|Mixed Platforms.Build.0 = Debug|Any CPU
		{A7218F85-9EED-4B1E-9F65-2F6FC0829AB4}.Debug|x86.ActiveCfg = Debug|Any CPU
		{A7218F85-9EED-4B1E-9F65-2F6FC0829AB4}.Debug|x86.Build.0 = Debug|Any CPU
		{A7218F85-9EED-4B1E-9F65-2F6FC0829AB4}.Release|Any CPU.ActiveCfg = Release|Any CPU
		{A7218F85-9EED-4B1E-9F65-2F6FC0829AB4}.Release|Any CPU.Build.0 = Release|Any CPU
		{A7218F85-9EED-4B1E-9F65-2F6FC0829AB4}.Release|Mixed Platforms.ActiveCfg = Release|Any CPU
		{A7218F85-9EED-4B1E-9F65-2F6FC0829AB4}.Release|Mixed Platforms.Build.0 = Release|Any CPU
		{A7218F85-9EED-4B1E-9F65-2F6FC0829AB4}.Release|x86.ActiveCfg = Release|Any CPU
		{A7218F85-9EED-4B1E-9F65-2F6FC0829AB4}.Release|x86.Build.0 = Release|Any CPU
		{68C1F65D-6EBE-4547-A759-58C929FD2330}.Debug|Any CPU.ActiveCfg = Debug|Any CPU
		{68C1F65D-6EBE-4547-A759-58C929FD2330}.Debug|Any CPU.Build.0 = Debug|Any CPU
		{68C1F65D-6EBE-4547-A759-58C929FD2330}.Debug|Mixed Platforms.ActiveCfg = Debug|Any CPU
		{68C1F65D-6EBE-4547-A759-58C929FD2330}.Debug|Mixed Platforms.Build.0 = Debug|Any CPU
		{68C1F65D-6EBE-4547-A759-58C929FD2330}.Debug|x86.ActiveCfg = Debug|Any CPU
		{68C1F65D-6EBE-4547-A759-58C929FD2330}.Debug|x86.Build.0 = Debug|Any CPU
		{68C1F65D-6EBE-4547-A759-58C929FD2330}.Release|Any CPU.ActiveCfg = Release|Any CPU
		{68C1F65D-6EBE-4547-A759-58C929FD2330}.Release|Any CPU.Build.0 = Release|Any CPU
		{68C1F65D-6EBE-4547-A759-58C929FD2330}.Release|Mixed Platforms.ActiveCfg = Release|Any CPU
		{68C1F65D-6EBE-4547-A759-58C929FD2330}.Release|Mixed Platforms.Build.0 = Release|Any CPU
		{68C1F65D-6EBE-4547-A759-58C929FD2330}.Release|x86.ActiveCfg = Release|Any CPU
		{68C1F65D-6EBE-4547-A759-58C929FD2330}.Release|x86.Build.0 = Release|Any CPU
		{BE94FA43-F110-45A4-BC25-D643CD128F5F}.Debug|Any CPU.ActiveCfg = Debug|Any CPU
		{BE94FA43-F110-45A4-BC25-D643CD128F5F}.Debug|Any CPU.Build.0 = Debug|Any CPU
		{BE94FA43-F110-45A4-BC25-D643CD128F5F}.Debug|Mixed Platforms.ActiveCfg = Debug|Any CPU
		{BE94FA43-F110-45A4-BC25-D643CD128F5F}.Debug|Mixed Platforms.Build.0 = Debug|Any CPU
		{BE94FA43-F110-45A4-BC25-D643CD128F5F}.Debug|x86.ActiveCfg = Debug|Any CPU
		{BE94FA43-F110-45A4-BC25-D643CD128F5F}.Debug|x86.Build.0 = Debug|Any CPU
		{BE94FA43-F110-45A4-BC25-D643CD128F5F}.Release|Any CPU.ActiveCfg = Release|Any CPU
		{BE94FA43-F110-45A4-BC25-D643CD128F5F}.Release|Any CPU.Build.0 = Release|Any CPU
		{BE94FA43-F110-45A4-BC25-D643CD128F5F}.Release|Mixed Platforms.ActiveCfg = Release|Any CPU
		{BE94FA43-F110-45A4-BC25-D643CD128F5F}.Release|Mixed Platforms.Build.0 = Release|Any CPU
		{BE94FA43-F110-45A4-BC25-D643CD128F5F}.Release|x86.ActiveCfg = Release|Any CPU
		{BE94FA43-F110-45A4-BC25-D643CD128F5F}.Release|x86.Build.0 = Release|Any CPU
		{F199A7F9-9A14-45F8-B060-04AC766C9877}.Debug|Any CPU.ActiveCfg = Debug|Any CPU
		{F199A7F9-9A14-45F8-B060-04AC766C9877}.Debug|Any CPU.Build.0 = Debug|Any CPU
		{F199A7F9-9A14-45F8-B060-04AC766C9877}.Debug|Mixed Platforms.ActiveCfg = Debug|Any CPU
		{F199A7F9-9A14-45F8-B060-04AC766C9877}.Debug|Mixed Platforms.Build.0 = Debug|Any CPU
		{F199A7F9-9A14-45F8-B060-04AC766C9877}.Debug|x86.ActiveCfg = Debug|Any CPU
		{F199A7F9-9A14-45F8-B060-04AC766C9877}.Debug|x86.Build.0 = Debug|Any CPU
		{F199A7F9-9A14-45F8-B060-04AC766C9877}.Release|Any CPU.ActiveCfg = Release|Any CPU
		{F199A7F9-9A14-45F8-B060-04AC766C9877}.Release|Any CPU.Build.0 = Release|Any CPU
		{F199A7F9-9A14-45F8-B060-04AC766C9877}.Release|Mixed Platforms.ActiveCfg = Release|Any CPU
		{F199A7F9-9A14-45F8-B060-04AC766C9877}.Release|Mixed Platforms.Build.0 = Release|Any CPU
		{F199A7F9-9A14-45F8-B060-04AC766C9877}.Release|x86.ActiveCfg = Release|Any CPU
		{F199A7F9-9A14-45F8-B060-04AC766C9877}.Release|x86.Build.0 = Release|Any CPU
		{F1E69FF8-5305-43B5-960E-1267B438B3E5}.Debug|Any CPU.ActiveCfg = Debug|Any CPU
		{F1E69FF8-5305-43B5-960E-1267B438B3E5}.Debug|Any CPU.Build.0 = Debug|Any CPU
		{F1E69FF8-5305-43B5-960E-1267B438B3E5}.Debug|Mixed Platforms.ActiveCfg = Debug|Any CPU
		{F1E69FF8-5305-43B5-960E-1267B438B3E5}.Debug|Mixed Platforms.Build.0 = Debug|Any CPU
		{F1E69FF8-5305-43B5-960E-1267B438B3E5}.Debug|x86.ActiveCfg = Debug|Any CPU
		{F1E69FF8-5305-43B5-960E-1267B438B3E5}.Debug|x86.Build.0 = Debug|Any CPU
		{F1E69FF8-5305-43B5-960E-1267B438B3E5}.Release|Any CPU.ActiveCfg = Release|Any CPU
		{F1E69FF8-5305-43B5-960E-1267B438B3E5}.Release|Any CPU.Build.0 = Release|Any CPU
		{F1E69FF8-5305-43B5-960E-1267B438B3E5}.Release|Mixed Platforms.ActiveCfg = Release|Any CPU
		{F1E69FF8-5305-43B5-960E-1267B438B3E5}.Release|Mixed Platforms.Build.0 = Release|Any CPU
		{F1E69FF8-5305-43B5-960E-1267B438B3E5}.Release|x86.ActiveCfg = Release|Any CPU
		{F1E69FF8-5305-43B5-960E-1267B438B3E5}.Release|x86.Build.0 = Release|Any CPU
		{592050AE-A449-4904-82A4-6CBC6DE8C6B5}.Debug|Any CPU.ActiveCfg = Debug|Any CPU
		{592050AE-A449-4904-82A4-6CBC6DE8C6B5}.Debug|Any CPU.Build.0 = Debug|Any CPU
		{592050AE-A449-4904-82A4-6CBC6DE8C6B5}.Debug|Mixed Platforms.ActiveCfg = Debug|Any CPU
		{592050AE-A449-4904-82A4-6CBC6DE8C6B5}.Debug|Mixed Platforms.Build.0 = Debug|Any CPU
		{592050AE-A449-4904-82A4-6CBC6DE8C6B5}.Debug|x86.ActiveCfg = Debug|Any CPU
		{592050AE-A449-4904-82A4-6CBC6DE8C6B5}.Debug|x86.Build.0 = Debug|Any CPU
		{592050AE-A449-4904-82A4-6CBC6DE8C6B5}.Release|Any CPU.ActiveCfg = Release|Any CPU
		{592050AE-A449-4904-82A4-6CBC6DE8C6B5}.Release|Any CPU.Build.0 = Release|Any CPU
		{592050AE-A449-4904-82A4-6CBC6DE8C6B5}.Release|Mixed Platforms.ActiveCfg = Release|Any CPU
		{592050AE-A449-4904-82A4-6CBC6DE8C6B5}.Release|Mixed Platforms.Build.0 = Release|Any CPU
		{592050AE-A449-4904-82A4-6CBC6DE8C6B5}.Release|x86.ActiveCfg = Release|Any CPU
		{592050AE-A449-4904-82A4-6CBC6DE8C6B5}.Release|x86.Build.0 = Release|Any CPU
		{1219086A-0C16-4E64-96FD-C8C8F08C4832}.Debug|Any CPU.ActiveCfg = Debug|Any CPU
		{1219086A-0C16-4E64-96FD-C8C8F08C4832}.Debug|Any CPU.Build.0 = Debug|Any CPU
		{1219086A-0C16-4E64-96FD-C8C8F08C4832}.Debug|Mixed Platforms.ActiveCfg = Debug|Any CPU
		{1219086A-0C16-4E64-96FD-C8C8F08C4832}.Debug|Mixed Platforms.Build.0 = Debug|Any CPU
		{1219086A-0C16-4E64-96FD-C8C8F08C4832}.Debug|x86.ActiveCfg = Debug|Any CPU
		{1219086A-0C16-4E64-96FD-C8C8F08C4832}.Debug|x86.Build.0 = Debug|Any CPU
		{1219086A-0C16-4E64-96FD-C8C8F08C4832}.Release|Any CPU.ActiveCfg = Release|Any CPU
		{1219086A-0C16-4E64-96FD-C8C8F08C4832}.Release|Any CPU.Build.0 = Release|Any CPU
		{1219086A-0C16-4E64-96FD-C8C8F08C4832}.Release|Mixed Platforms.ActiveCfg = Release|Any CPU
		{1219086A-0C16-4E64-96FD-C8C8F08C4832}.Release|Mixed Platforms.Build.0 = Release|Any CPU
		{1219086A-0C16-4E64-96FD-C8C8F08C4832}.Release|x86.ActiveCfg = Release|Any CPU
		{1219086A-0C16-4E64-96FD-C8C8F08C4832}.Release|x86.Build.0 = Release|Any CPU
		{D4C6D716-6FB9-4214-AA45-07FFF346406B}.Debug|Any CPU.ActiveCfg = Debug|Any CPU
		{D4C6D716-6FB9-4214-AA45-07FFF346406B}.Debug|Any CPU.Build.0 = Debug|Any CPU
		{D4C6D716-6FB9-4214-AA45-07FFF346406B}.Debug|Mixed Platforms.ActiveCfg = Debug|Any CPU
		{D4C6D716-6FB9-4214-AA45-07FFF346406B}.Debug|Mixed Platforms.Build.0 = Debug|Any CPU
		{D4C6D716-6FB9-4214-AA45-07FFF346406B}.Debug|x86.ActiveCfg = Debug|Any CPU
		{D4C6D716-6FB9-4214-AA45-07FFF346406B}.Debug|x86.Build.0 = Debug|Any CPU
		{D4C6D716-6FB9-4214-AA45-07FFF346406B}.Release|Any CPU.ActiveCfg = Release|Any CPU
		{D4C6D716-6FB9-4214-AA45-07FFF346406B}.Release|Any CPU.Build.0 = Release|Any CPU
		{D4C6D716-6FB9-4214-AA45-07FFF346406B}.Release|Mixed Platforms.ActiveCfg = Release|Any CPU
		{D4C6D716-6FB9-4214-AA45-07FFF346406B}.Release|Mixed Platforms.Build.0 = Release|Any CPU
		{D4C6D716-6FB9-4214-AA45-07FFF346406B}.Release|x86.ActiveCfg = Release|Any CPU
		{D4C6D716-6FB9-4214-AA45-07FFF346406B}.Release|x86.Build.0 = Release|Any CPU
		{30057265-1AC9-4752-B5F9-1527075B7F84}.Debug|Any CPU.ActiveCfg = Debug|Any CPU
		{30057265-1AC9-4752-B5F9-1527075B7F84}.Debug|Any CPU.Build.0 = Debug|Any CPU
		{30057265-1AC9-4752-B5F9-1527075B7F84}.Debug|Mixed Platforms.ActiveCfg = Debug|Any CPU
		{30057265-1AC9-4752-B5F9-1527075B7F84}.Debug|Mixed Platforms.Build.0 = Debug|Any CPU
		{30057265-1AC9-4752-B5F9-1527075B7F84}.Debug|x86.ActiveCfg = Debug|Any CPU
		{30057265-1AC9-4752-B5F9-1527075B7F84}.Debug|x86.Build.0 = Debug|Any CPU
		{30057265-1AC9-4752-B5F9-1527075B7F84}.Release|Any CPU.ActiveCfg = Release|Any CPU
		{30057265-1AC9-4752-B5F9-1527075B7F84}.Release|Any CPU.Build.0 = Release|Any CPU
		{30057265-1AC9-4752-B5F9-1527075B7F84}.Release|Mixed Platforms.ActiveCfg = Release|Any CPU
		{30057265-1AC9-4752-B5F9-1527075B7F84}.Release|Mixed Platforms.Build.0 = Release|Any CPU
		{30057265-1AC9-4752-B5F9-1527075B7F84}.Release|x86.ActiveCfg = Release|Any CPU
		{30057265-1AC9-4752-B5F9-1527075B7F84}.Release|x86.Build.0 = Release|Any CPU
	EndGlobalSection
	GlobalSection(SolutionProperties) = preSolution
		HideSolutionNode = FALSE
	EndGlobalSection
	GlobalSection(ExtensibilityGlobals) = postSolution
		SolutionGuid = {BE0D9EB6-7D21-4698-BB3C-989DED96531C}
	EndGlobalSection
EndGlobal
